{
    "_readme": [
        "This file locks the dependencies of your project to a known state",
        "Read more about it at https://getcomposer.org/doc/01-basic-usage.md#installing-dependencies",
        "This file is @generated automatically"
    ],
    "content-hash": "4cac1d44745597f3b7ba69ff4c995249",
    "packages": [
        {
            "name": "coffeecode/paginator",
            "version": "dev-master",
            "source": {
                "type": "git",
                "url": "https://github.com/robsonvleite/paginator.git",
                "reference": "a6941246f7ccd842be2072d796d4fb448c22cdb1"
            },
            "dist": {
                "type": "zip",
                "url": "https://api.github.com/repos/robsonvleite/paginator/zipball/a6941246f7ccd842be2072d796d4fb448c22cdb1",
                "reference": "a6941246f7ccd842be2072d796d4fb448c22cdb1",
                "shasum": ""
            },
            "require": {
                "php": ">=7.2"
            },
            "default-branch": true,
            "type": "library",
            "autoload": {
                "psr-4": {
                    "CoffeeCode\\Paginator\\": "src"
                }
            },
            "notification-url": "https://packagist.org/downloads/",
            "license": [
                "MIT"
            ],
            "authors": [
                {
                    "name": "Robson V. Leite",
                    "email": "cursos@upinside.com.br",
                    "role": "Developer"
                }
            ],
            "description": "Paginator is simple and is ready to generate results navigation in your application",
            "homepage": "http://www.upinside.com.br",
            "keywords": [
                "Coffeecode",
                "pagination",
                "paginator",
                "upinside"
            ],
            "support": {
                "issues": "https://github.com/robsonvleite/paginator/issues",
                "source": "https://github.com/robsonvleite/paginator/tree/1.0.7"
            },
            "time": "2021-03-21T17:57:29+00:00"
        }
    ],
    "packages-dev": [],
    "aliases": [],
    "minimum-stability": "dev",
    "stability-flags": {
        "coffeecode/paginator": 20
    },
    "prefer-stable": false,
    "prefer-lowest": false,
    "platform": [],
    "platform-dev": [],
    "plugin-api-version": "2.0.0"
}
